
Microsoft Visual Studio Solution File, Format Version 12.00
# Visual Studio Version 17
VisualStudioVersion = 17.10.35122.118
MinimumVisualStudioVersion = 10.0.40219.1
Project("{FAE04EC0-301F-11D3-BF4B-00C04F79EFBC}") = "QuizSemana4", "QuizSemana4.csproj", "{6A9F4AA8-F2E7-4EE9-8C43-BEEE9CF393C7}"
EndProject
Global
	GlobalSection(SolutionConfigurationPlatforms) = preSolution
		Debug|Any CPU = Debug|Any CPU
		Release|Any CPU = Release|Any CPU
	EndGlobalSection
	GlobalSection(ProjectConfigurationPlatforms) = postSolution
		{6A9F4AA8-F2E7-4EE9-8C43-BEEE9CF393C7}.Debug|Any CPU.ActiveCfg = Debug|Any CPU
		{6A9F4AA8-F2E7-4EE9-8C43-BEEE9CF393C7}.Debug|Any CPU.Build.0 = Debug|Any CPU
		{6A9F4AA8-F2E7-4EE9-8C43-BEEE9CF393C7}.Release|Any CPU.ActiveCfg = Release|Any CPU
		{6A9F4AA8-F2E7-4EE9-8C43-BEEE9CF393C7}.Release|Any CPU.Build.0 = Release|Any CPU
	EndGlobalSection
	GlobalSection(SolutionProperties) = preSolution
		HideSolutionNode = FALSE
	EndGlobalSection
	GlobalSection(ExtensibilityGlobals) = postSolution
		SolutionGuid = {6400BFFE-5288-4796-8EE6-2AC484CE1B42}
	EndGlobalSection
EndGlobal
