
Microsoft Visual Studio Solution File, Format Version 12.00
# Visual Studio Version 17
VisualStudioVersion = 17.10.35122.118
MinimumVisualStudioVersion = 10.0.40219.1
Project("{FAE04EC0-301F-11D3-BF4B-00C04F79EFBC}") = "quizSemana3", "quizSemana3.csproj", "{96E70CD8-08A1-4696-A07B-184ED18C179E}"
EndProject
Global
	GlobalSection(SolutionConfigurationPlatforms) = preSolution
		Debug|Any CPU = Debug|Any CPU
		Release|Any CPU = Release|Any CPU
	EndGlobalSection
	GlobalSection(ProjectConfigurationPlatforms) = postSolution
		{96E70CD8-08A1-4696-A07B-184ED18C179E}.Debug|Any CPU.ActiveCfg = Debug|Any CPU
		{96E70CD8-08A1-4696-A07B-184ED18C179E}.Debug|Any CPU.Build.0 = Debug|Any CPU
		{96E70CD8-08A1-4696-A07B-184ED18C179E}.Release|Any CPU.ActiveCfg = Release|Any CPU
		{96E70CD8-08A1-4696-A07B-184ED18C179E}.Release|Any CPU.Build.0 = Release|Any CPU
	EndGlobalSection
	GlobalSection(SolutionProperties) = preSolution
		HideSolutionNode = FALSE
	EndGlobalSection
	GlobalSection(ExtensibilityGlobals) = postSolution
		SolutionGuid = {C363894D-496E-4BFE-850B-40EFDD15F6D2}
	EndGlobalSection
EndGlobal
